
Microsoft Visual Studio Solution File, Format Version 12.00
# Visual Studio Version 16
VisualStudioVersion = 16.0.30011.22
MinimumVisualStudioVersion = 10.0.40219.1
Project("{FAE04EC0-301F-11D3-BF4B-00C04F79EFBC}") = "InterfaceDemo", "InterfaceDemo\InterfaceDemo.csproj", "{B50A4F97-CCC2-4C49-8A5C-CBDE9BC59906}"
EndProject
Global
	GlobalSection(SolutionConfigurationPlatforms) = preSolution
		Debug|Any CPU = Debug|Any CPU
		Release|Any CPU = Release|Any CPU
	EndGlobalSection
	GlobalSection(ProjectConfigurationPlatforms) = postSolution
		{B50A4F97-CCC2-4C49-8A5C-CBDE9BC59906}.Debug|Any CPU.ActiveCfg = Debug|Any CPU
		{B50A4F97-CCC2-4C49-8A5C-CBDE9BC59906}.Debug|Any CPU.Build.0 = Debug|Any CPU
		{B50A4F97-CCC2-4C49-8A5C-CBDE9BC59906}.Release|Any CPU.ActiveCfg = Release|Any CPU
		{B50A4F97-CCC2-4C49-8A5C-CBDE9BC59906}.Release|Any CPU.Build.0 = Release|Any CPU
	EndGlobalSection
	GlobalSection(SolutionProperties) = preSolution
		HideSolutionNode = FALSE
	EndGlobalSection
	GlobalSection(ExtensibilityGlobals) = postSolution
		SolutionGuid = {5A1E5CA1-166B-4A09-ABA0-B389BB38D8DF}
	EndGlobalSection
EndGlobal
